// !$*UTF8*$!
{
	archiveVersion = 1;
	classes = {
	};
	objectVersion = 46;
	objects = {

/* Begin PBXBuildFile section */
		2997541C1EE6AD5800E150D1 /* main.m in Sources */ = {isa = PBXBuildFile; fileRef = 2997541B1EE6AD5800E150D1 /* main.m */; };
		2997541F1EE6AD5800E150D1 /* AppDelegate.m in Sources */ = {isa = PBXBuildFile; fileRef = 2997541E1EE6AD5800E150D1 /* AppDelegate.m */; };
		299754221EE6AD5800E150D1 /* ViewController.m in Sources */ = {isa = PBXBuildFile; fileRef = 299754211EE6AD5800E150D1 /* ViewController.m */; };
		299754251EE6AD5800E150D1 /* Main.storyboard in Resources */ = {isa = PBXBuildFile; fileRef = 299754231EE6AD5800E150D1 /* Main.storyboard */; };
		299754271EE6AD5800E150D1 /* Assets.xcassets in Resources */ = {isa = PBXBuildFile; fileRef = 299754261EE6AD5800E150D1 /* Assets.xcassets */; };
		2997542A1EE6AD5800E150D1 /* LaunchScreen.storyboard in Resources */ = {isa = PBXBuildFile; fileRef = 299754281EE6AD5800E150D1 /* LaunchScreen.storyboard */; };
		299754331EE6ADFB00E150D1 /* CellItem.m in Sources */ = {isa = PBXBuildFile; fileRef = 299754321EE6ADFB00E150D1 /* CellItem.m */; };
		299754361EE6AE1200E150D1 /* ProductItem.m in Sources */ = {isa = PBXBuildFile; fileRef = 299754351EE6AE1200E150D1 /* ProductItem.m */; };
		2997543E1EE6B0ED00E150D1 /* test.json in Resources */ = {isa = PBXBuildFile; fileRef = 2997543D1EE6B0ED00E150D1 /* test.json */; };
		299754581EE7CF0300E150D1 /* MJExtensionConst.m in Sources */ = {isa = PBXBuildFile; fileRef = 299754451EE7CF0300E150D1 /* MJExtensionConst.m */; };
		299754591EE7CF0300E150D1 /* MJFoundation.m in Sources */ = {isa = PBXBuildFile; fileRef = 299754471EE7CF0300E150D1 /* MJFoundation.m */; };
		2997545A1EE7CF0300E150D1 /* MJProperty.m in Sources */ = {isa = PBXBuildFile; fileRef = 299754491EE7CF0300E150D1 /* MJProperty.m */; };
		2997545B1EE7CF0300E150D1 /* MJPropertyKey.m in Sources */ = {isa = PBXBuildFile; fileRef = 2997544B1EE7CF0300E150D1 /* MJPropertyKey.m */; };
		2997545C1EE7CF0300E150D1 /* MJPropertyType.m in Sources */ = {isa = PBXBuildFile; fileRef = 2997544D1EE7CF0300E150D1 /* MJPropertyType.m */; };
		2997545D1EE7CF0300E150D1 /* NSObject+MJClass.m in Sources */ = {isa = PBXBuildFile; fileRef = 2997544F1EE7CF0300E150D1 /* NSObject+MJClass.m */; };
		2997545E1EE7CF0300E150D1 /* NSObject+MJCoding.m in Sources */ = {isa = PBXBuildFile; fileRef = 299754511EE7CF0300E150D1 /* NSObject+MJCoding.m */; };
		2997545F1EE7CF0300E150D1 /* NSObject+MJKeyValue.m in Sources */ = {isa = PBXBuildFile; fileRef = 299754531EE7CF0300E150D1 /* NSObject+MJKeyValue.m */; };
		299754601EE7CF0300E150D1 /* NSObject+MJProperty.m in Sources */ = {isa = PBXBuildFile; fileRef = 299754551EE7CF0300E150D1 /* NSObject+MJProperty.m */; };
		299754611EE7CF0300E150D1 /* NSString+MJExtension.m in Sources */ = {isa = PBXBuildFile; fileRef = 299754571EE7CF0300E150D1 /* NSString+MJExtension.m */; };
/* End PBXBuildFile section */

/* Begin PBXFileReference section */
		299754171EE6AD5800E150D1 /* TestModel.app */ = {isa = PBXFileReference; explicitFileType = wrapper.application; includeInIndex = 0; path = TestModel.app; sourceTree = BUILT_PRODUCTS_DIR; };
		2997541B1EE6AD5800E150D1 /* main.m */ = {isa = PBXFileReference; lastKnownFileType = sourcecode.c.objc; path = main.m; sourceTree = "<group>"; };
		2997541D1EE6AD5800E150D1 /* AppDelegate.h */ = {isa = PBXFileReference; lastKnownFileType = sourcecode.c.h; path = AppDelegate.h; sourceTree = "<group>"; };
		2997541E1EE6AD5800E150D1 /* AppDelegate.m */ = {isa = PBXFileReference; lastKnownFileType = sourcecode.c.objc; path = AppDelegate.m; sourceTree = "<group>"; };
		299754201EE6AD5800E150D1 /* ViewController.h */ = {isa = PBXFileReference; lastKnownFileType = sourcecode.c.h; path = ViewController.h; sourceTree = "<group>"; };
		299754211EE6AD5800E150D1 /* ViewController.m */ = {isa = PBXFileReference; lastKnownFileType = sourcecode.c.objc; path = ViewController.m; sourceTree = "<group>"; };
		299754241EE6AD5800E150D1 /* Base */ = {isa = PBXFileReference; lastKnownFileType = file.storyboard; name = Base; path = Base.lproj/Main.storyboard; sourceTree = "<group>"; };
		299754261EE6AD5800E150D1 /* Assets.xcassets */ = {isa = PBXFileReference; lastKnownFileType = folder.assetcatalog; path = Assets.xcassets; sourceTree = "<group>"; };
		299754291EE6AD5800E150D1 /* Base */ = {isa = PBXFileReference; lastKnownFileType = file.storyboard; name = Base; path = Base.lproj/LaunchScreen.storyboard; sourceTree = "<group>"; };
		2997542B1EE6AD5800E150D1 /* Info.plist */ = {isa = PBXFileReference; lastKnownFileType = text.plist.xml; path = Info.plist; sourceTree = "<group>"; };
		299754311EE6ADFB00E150D1 /* CellItem.h */ = {isa = PBXFileReference; fileEncoding = 4; lastKnownFileType = sourcecode.c.h; path = CellItem.h; sourceTree = "<group>"; };
		299754321EE6ADFB00E150D1 /* CellItem.m */ = {isa = PBXFileReference; fileEncoding = 4; lastKnownFileType = sourcecode.c.objc; path = CellItem.m; sourceTree = "<group>"; };
		299754341EE6AE1200E150D1 /* ProductItem.h */ = {isa = PBXFileReference; fileEncoding = 4; lastKnownFileType = sourcecode.c.h; path = ProductItem.h; sourceTree = "<group>"; };
		299754351EE6AE1200E150D1 /* ProductItem.m */ = {isa = PBXFileReference; fileEncoding = 4; lastKnownFileType = sourcecode.c.objc; path = ProductItem.m; sourceTree = "<group>"; };
		2997543D1EE6B0ED00E150D1 /* test.json */ = {isa = PBXFileReference; fileEncoding = 4; lastKnownFileType = text.json; path = test.json; sourceTree = "<group>"; };
		299754431EE7CF0300E150D1 /* MJExtension.h */ = {isa = PBXFileReference; fileEncoding = 4; lastKnownFileType = sourcecode.c.h; path = MJExtension.h; sourceTree = "<group>"; };
		299754441EE7CF0300E150D1 /* MJExtensionConst.h */ = {isa = PBXFileReference; fileEncoding = 4; lastKnownFileType = sourcecode.c.h; path = MJExtensionConst.h; sourceTree = "<group>"; };
		299754451EE7CF0300E150D1 /* MJExtensionConst.m */ = {isa = PBXFileReference; fileEncoding = 4; lastKnownFileType = sourcecode.c.objc; path = MJExtensionConst.m; sourceTree = "<group>"; };
		299754461EE7CF0300E150D1 /* MJFoundation.h */ = {isa = PBXFileReference; fileEncoding = 4; lastKnownFileType = sourcecode.c.h; path = MJFoundation.h; sourceTree = "<group>"; };
		299754471EE7CF0300E150D1 /* MJFoundation.m */ = {isa = PBXFileReference; fileEncoding = 4; lastKnownFileType = sourcecode.c.objc; path = MJFoundation.m; sourceTree = "<group>"; };
		299754481EE7CF0300E150D1 /* MJProperty.h */ = {isa = PBXFileReference; fileEncoding = 4; lastKnownFileType = sourcecode.c.h; path = MJProperty.h; sourceTree = "<group>"; };
		299754491EE7CF0300E150D1 /* MJProperty.m */ = {isa = PBXFileReference; fileEncoding = 4; lastKnownFileType = sourcecode.c.objc; path = MJProperty.m; sourceTree = "<group>"; };
		2997544A1EE7CF0300E150D1 /* MJPropertyKey.h */ = {isa = PBXFileReference; fileEncoding = 4; lastKnownFileType = sourcecode.c.h; path = MJPropertyKey.h; sourceTree = "<group>"; };
		2997544B1EE7CF0300E150D1 /* MJPropertyKey.m */ = {isa = PBXFileReference; fileEncoding = 4; lastKnownFileType = sourcecode.c.objc; path = MJPropertyKey.m; sourceTree = "<group>"; };
		2997544C1EE7CF0300E150D1 /* MJPropertyType.h */ = {isa = PBXFileReference; fileEncoding = 4; lastKnownFileType = sourcecode.c.h; path = MJPropertyType.h; sourceTree = "<group>"; };
		2997544D1EE7CF0300E150D1 /* MJPropertyType.m */ = {isa = PBXFileReference; fileEncoding = 4; lastKnownFileType = sourcecode.c.objc; path = MJPropertyType.m; sourceTree = "<group>"; };
		2997544E1EE7CF0300E150D1 /* NSObject+MJClass.h */ = {isa = PBXFileReference; fileEncoding = 4; lastKnownFileType = sourcecode.c.h; path = "NSObject+MJClass.h"; sourceTree = "<group>"; };
		2997544F1EE7CF0300E150D1 /* NSObject+MJClass.m */ = {isa = PBXFileReference; fileEncoding = 4; lastKnownFileType = sourcecode.c.objc; path = "NSObject+MJClass.m"; sourceTree = "<group>"; };
		299754501EE7CF0300E150D1 /* NSObject+MJCoding.h */ = {isa = PBXFileReference; fileEncoding = 4; lastKnownFileType = sourcecode.c.h; path = "NSObject+MJCoding.h"; sourceTree = "<group>"; };
		299754511EE7CF0300E150D1 /* NSObject+MJCoding.m */ = {isa = PBXFileReference; fileEncoding = 4; lastKnownFileType = sourcecode.c.objc; path = "NSObject+MJCoding.m"; sourceTree = "<group>"; };
		299754521EE7CF0300E150D1 /* NSObject+MJKeyValue.h */ = {isa = PBXFileReference; fileEncoding = 4; lastKnownFileType = sourcecode.c.h; path = "NSObject+MJKeyValue.h"; sourceTree = "<group>"; };
		299754531EE7CF0300E150D1 /* NSObject+MJKeyValue.m */ = {isa = PBXFileReference; fileEncoding = 4; lastKnownFileType = sourcecode.c.objc; path = "NSObject+MJKeyValue.m"; sourceTree = "<group>"; };
		299754541EE7CF0300E150D1 /* NSObject+MJProperty.h */ = {isa = PBXFileReference; fileEncoding = 4; lastKnownFileType = sourcecode.c.h; path = "NSObject+MJProperty.h"; sourceTree = "<group>"; };
		299754551EE7CF0300E150D1 /* NSObject+MJProperty.m */ = {isa = PBXFileReference; fileEncoding = 4; lastKnownFileType = sourcecode.c.objc; path = "NSObject+MJProperty.m"; sourceTree = "<group>"; };
		299754561EE7CF0300E150D1 /* NSString+MJExtension.h */ = {isa = PBXFileReference; fileEncoding = 4; lastKnownFileType = sourcecode.c.h; path = "NSString+MJExtension.h"; sourceTree = "<group>"; };
		299754571EE7CF0300E150D1 /* NSString+MJExtension.m */ = {isa = PBXFileReference; fileEncoding = 4; lastKnownFileType = sourcecode.c.objc; path = "NSString+MJExtension.m"; sourceTree = "<group>"; };
/* End PBXFileReference section */

/* Begin PBXFrameworksBuildPhase section */
		299754141EE6AD5800E150D1 /* Frameworks */ = {
			isa = PBXFrameworksBuildPhase;
			buildActionMask = 2147483647;
			files = (
			);
			runOnlyForDeploymentPostprocessing = 0;
		};
/* End PBXFrameworksBuildPhase section */

/* Begin PBXGroup section */
		2997540E1EE6AD5800E150D1 = {
			isa = PBXGroup;
			children = (
				299754191EE6AD5800E150D1 /* TestModel */,
				299754181EE6AD5800E150D1 /* Products */,
			);
			sourceTree = "<group>";
		};
		299754181EE6AD5800E150D1 /* Products */ = {
			isa = PBXGroup;
			children = (
				299754171EE6AD5800E150D1 /* TestModel.app */,
			);
			name = Products;
			sourceTree = "<group>";
		};
		299754191EE6AD5800E150D1 /* TestModel */ = {
			isa = PBXGroup;
			children = (
				2997541D1EE6AD5800E150D1 /* AppDelegate.h */,
				2997541E1EE6AD5800E150D1 /* AppDelegate.m */,
				299754201EE6AD5800E150D1 /* ViewController.h */,
				299754211EE6AD5800E150D1 /* ViewController.m */,
				299754311EE6ADFB00E150D1 /* CellItem.h */,
				299754321EE6ADFB00E150D1 /* CellItem.m */,
				299754341EE6AE1200E150D1 /* ProductItem.h */,
				299754351EE6AE1200E150D1 /* ProductItem.m */,
				2997543D1EE6B0ED00E150D1 /* test.json */,
				299754421EE7CF0300E150D1 /* MJExtension */,
				299754231EE6AD5800E150D1 /* Main.storyboard */,
				299754261EE6AD5800E150D1 /* Assets.xcassets */,
				299754281EE6AD5800E150D1 /* LaunchScreen.storyboard */,
				2997542B1EE6AD5800E150D1 /* Info.plist */,
				2997541A1EE6AD5800E150D1 /* Supporting Files */,
			);
			path = TestModel;
			sourceTree = "<group>";
		};
		2997541A1EE6AD5800E150D1 /* Supporting Files */ = {
			isa = PBXGroup;
			children = (
				2997541B1EE6AD5800E150D1 /* main.m */,
			);
			name = "Supporting Files";
			sourceTree = "<group>";
		};
		299754421EE7CF0300E150D1 /* MJExtension */ = {
			isa = PBXGroup;
			children = (
				299754431EE7CF0300E150D1 /* MJExtension.h */,
				299754441EE7CF0300E150D1 /* MJExtensionConst.h */,
				299754451EE7CF0300E150D1 /* MJExtensionConst.m */,
				299754461EE7CF0300E150D1 /* MJFoundation.h */,
				299754471EE7CF0300E150D1 /* MJFoundation.m */,
				299754481EE7CF0300E150D1 /* MJProperty.h */,
				299754491EE7CF0300E150D1 /* MJProperty.m */,
				2997544A1EE7CF0300E150D1 /* MJPropertyKey.h */,
				2997544B1EE7CF0300E150D1 /* MJPropertyKey.m */,
				2997544C1EE7CF0300E150D1 /* MJPropertyType.h */,
				2997544D1EE7CF0300E150D1 /* MJPropertyType.m */,
				2997544E1EE7CF0300E150D1 /* NSObject+MJClass.h */,
				2997544F1EE7CF0300E150D1 /* NSObject+MJClass.m */,
				299754501EE7CF0300E150D1 /* NSObject+MJCoding.h */,
				299754511EE7CF0300E150D1 /* NSObject+MJCoding.m */,
				299754521EE7CF0300E150D1 /* NSObject+MJKeyValue.h */,
				299754531EE7CF0300E150D1 /* NSObject+MJKeyValue.m */,
				299754541EE7CF0300E150D1 /* NSObject+MJProperty.h */,
				299754551EE7CF0300E150D1 /* NSObject+MJProperty.m */,
				299754561EE7CF0300E150D1 /* NSString+MJExtension.h */,
				299754571EE7CF0300E150D1 /* NSString+MJExtension.m */,
			);
			path = MJExtension;
			sourceTree = "<group>";
		};
/* End PBXGroup section */

/* Begin PBXNativeTarget section */
		299754161EE6AD5800E150D1 /* TestModel */ = {
			isa = PBXNativeTarget;
			buildConfigurationList = 2997542E1EE6AD5800E150D1 /* Build configuration list for PBXNativeTarget "TestModel" */;
			buildPhases = (
				299754131EE6AD5800E150D1 /* Sources */,
				299754141EE6AD5800E150D1 /* Frameworks */,
				299754151EE6AD5800E150D1 /* Resources */,
			);
			buildRules = (
			);
			dependencies = (
			);
			name = TestModel;
			productName = TestModel;
			productReference = 299754171EE6AD5800E150D1 /* TestModel.app */;
			productType = "com.apple.product-type.application";
		};
/* End PBXNativeTarget section */

/* Begin PBXProject section */
		2997540F1EE6AD5800E150D1 /* Project object */ = {
			isa = PBXProject;
			attributes = {
				LastUpgradeCheck = 0820;
				ORGANIZATIONNAME = Lenovo;
				TargetAttributes = {
					299754161EE6AD5800E150D1 = {
						CreatedOnToolsVersion = 8.2.1;
						DevelopmentTeam = LKLUL3G769;
						ProvisioningStyle = Automatic;
					};
				};
			};
			buildConfigurationList = 299754121EE6AD5800E150D1 /* Build configuration list for PBXProject "TestModel" */;
			compatibilityVersion = "Xcode 3.2";
			developmentRegion = English;
			hasScannedForEncodings = 0;
			knownRegions = (
				en,
				Base,
			);
			mainGroup = 2997540E1EE6AD5800E150D1;
			productRefGroup = 299754181EE6AD5800E150D1 /* Products */;
			projectDirPath = "";
			projectRoot = "";
			targets = (
				299754161EE6AD5800E150D1 /* TestModel */,
			);
		};
/* End PBXProject section */

/* Begin PBXResourcesBuildPhase section */
		299754151EE6AD5800E150D1 /* Resources */ = {
			isa = PBXResourcesBuildPhase;
			buildActionMask = 2147483647;
			files = (
				2997542A1EE6AD5800E150D1 /* LaunchScreen.storyboard in Resources */,
				2997543E1EE6B0ED00E150D1 /* test.json in Resources */,
				299754271EE6AD5800E150D1 /* Assets.xcassets in Resources */,
				299754251EE6AD5800E150D1 /* Main.storyboard in Resources */,
			);
			runOnlyForDeploymentPostprocessing = 0;
		};
/* End PBXResourcesBuildPhase section */

/* Begin PBXSourcesBuildPhase section */
		299754131EE6AD5800E150D1 /* Sources */ = {
			isa = PBXSourcesBuildPhase;
			buildActionMask = 2147483647;
			files = (
				2997545E1EE7CF0300E150D1 /* NSObject+MJCoding.m in Sources */,
				299754581EE7CF0300E150D1 /* MJExtensionConst.m in Sources */,
				2997545D1EE7CF0300E150D1 /* NSObject+MJClass.m in Sources */,
				2997545B1EE7CF0300E150D1 /* MJPropertyKey.m in Sources */,
				299754331EE6ADFB00E150D1 /* CellItem.m in Sources */,
				299754221EE6AD5800E150D1 /* ViewController.m in Sources */,
				2997545A1EE7CF0300E150D1 /* MJProperty.m in Sources */,
				299754591EE7CF0300E150D1 /* MJFoundation.m in Sources */,
				2997541F1EE6AD5800E150D1 /* AppDelegate.m in Sources */,
				2997541C1EE6AD5800E150D1 /* main.m in Sources */,
				2997545C1EE7CF0300E150D1 /* MJPropertyType.m in Sources */,
				299754361EE6AE1200E150D1 /* ProductItem.m in Sources */,
				2997545F1EE7CF0300E150D1 /* NSObject+MJKeyValue.m in Sources */,
				299754611EE7CF0300E150D1 /* NSString+MJExtension.m in Sources */,
				299754601EE7CF0300E150D1 /* NSObject+MJProperty.m in Sources */,
			);
			runOnlyForDeploymentPostprocessing = 0;
		};
/* End PBXSourcesBuildPhase section */

/* Begin PBXVariantGroup section */
		299754231EE6AD5800E150D1 /* Main.storyboard */ = {
			isa = PBXVariantGroup;
			children = (
				299754241EE6AD5800E150D1 /* Base */,
			);
			name = Main.storyboard;
			sourceTree = "<group>";
		};
		299754281EE6AD5800E150D1 /* LaunchScreen.storyboard */ = {
			isa = PBXVariantGroup;
			children = (
				299754291EE6AD5800E150D1 /* Base */,
			);
			name = LaunchScreen.storyboard;
			sourceTree = "<group>";
		};
/* End PBXVariantGroup section */

/* Begin XCBuildConfiguration section */
		2997542C1EE6AD5800E150D1 /* Debug */ = {
			isa = XCBuildConfiguration;
			buildSettings = {
				ALWAYS_SEARCH_USER_PATHS = NO;
				CLANG_ANALYZER_NONNULL = YES;
				CLANG_CXX_LANGUAGE_STANDARD = "gnu++0x";
				CLANG_CXX_LIBRARY = "libc++";
				CLANG_ENABLE_MODULES = YES;
				CLANG_ENABLE_OBJC_ARC = YES;
				CLANG_WARN_BOOL_CONVERSION = YES;
				CLANG_WARN_CONSTANT_CONVERSION = YES;
				CLANG_WARN_DIRECT_OBJC_ISA_USAGE = YES_ERROR;
				CLANG_WARN_DOCUMENTATION_COMMENTS = YES;
				CLANG_WARN_EMPTY_BODY = YES;
				CLANG_WARN_ENUM_CONVERSION = YES;
				CLANG_WARN_INFINITE_RECURSION = YES;
				CLANG_WARN_INT_CONVERSION = YES;
				CLANG_WARN_OBJC_ROOT_CLASS = YES_ERROR;
				CLANG_WARN_SUSPICIOUS_MOVE = YES;
				CLANG_WARN_UNREACHABLE_CODE = YES;
				CLANG_WARN__DUPLICATE_METHOD_MATCH = YES;
				"CODE_SIGN_IDENTITY[sdk=iphoneos*]" = "iPhone Developer";
				COPY_PHASE_STRIP = NO;
				DEBUG_INFORMATION_FORMAT = dwarf;
				ENABLE_STRICT_OBJC_MSGSEND = YES;
				ENABLE_TESTABILITY = YES;
				GCC_C_LANGUAGE_STANDARD = gnu99;
				GCC_DYNAMIC_NO_PIC = NO;
				GCC_NO_COMMON_BLOCKS = YES;
				GCC_OPTIMIZATION_LEVEL = 0;
				GCC_PREPROCESSOR_DEFINITIONS = (
					"DEBUG=1",
					"$(inherited)",
				);
				GCC_WARN_64_TO_32_BIT_CONVERSION = YES;
				GCC_WARN_ABOUT_RETURN_TYPE = YES_ERROR;
				GCC_WARN_UNDECLARED_SELECTOR = YES;
				GCC_WARN_UNINITIALIZED_AUTOS = YES_AGGRESSIVE;
				GCC_WARN_UNUSED_FUNCTION = YES;
				GCC_WARN_UNUSED_VARIABLE = YES;
				IPHONEOS_DEPLOYMENT_TARGET = 10.2;
				MTL_ENABLE_DEBUG_INFO = YES;
				ONLY_ACTIVE_ARCH = YES;
				SDKROOT = iphoneos;
			};
			name = Debug;
		};
		2997542D1EE6AD5800E150D1 /* Release */ = {
			isa = XCBuildConfiguration;
			buildSettings = {
				ALWAYS_SEARCH_USER_PATHS = NO;
				CLANG_ANALYZER_NONNULL = YES;
				CLANG_CXX_LANGUAGE_STANDARD = "gnu++0x";
				CLANG_CXX_LIBRARY = "libc++";
				CLANG_ENABLE_MODULES = YES;
				CLANG_ENABLE_OBJC_ARC = YES;
				CLANG_WARN_BOOL_CONVERSION = YES;
				CLANG_WARN_CONSTANT_CONVERSION = YES;
				CLANG_WARN_DIRECT_OBJC_ISA_USAGE = YES_ERROR;
				CLANG_WARN_DOCUMENTATION_COMMENTS = YES;
				CLANG_WARN_EMPTY_BODY = YES;
				CLANG_WARN_ENUM_CONVERSION = YES;
				CLANG_WARN_INFINITE_RECURSION = YES;
				CLANG_WARN_INT_CONVERSION = YES;
				CLANG_WARN_OBJC_ROOT_CLASS = YES_ERROR;
				CLANG_WARN_SUSPICIOUS_MOVE = YES;
				CLANG_WARN_UNREACHABLE_CODE = YES;
				CLANG_WARN__DUPLICATE_METHOD_MATCH = YES;
				"CODE_SIGN_IDENTITY[sdk=iphoneos*]" = "iPhone Developer";
				COPY_PHASE_STRIP = NO;
				DEBUG_INFORMATION_FORMAT = "dwarf-with-dsym";
				ENABLE_NS_ASSERTIONS = NO;
				ENABLE_STRICT_OBJC_MSGSEND = YES;
				GCC_C_LANGUAGE_STANDARD = gnu99;
				GCC_NO_COMMON_BLOCKS = YES;
				GCC_WARN_64_TO_32_BIT_CONVERSION = YES;
				GCC_WARN_ABOUT_RETURN_TYPE = YES_ERROR;
				GCC_WARN_UNDECLARED_SELECTOR = YES;
				GCC_WARN_UNINITIALIZED_AUTOS = YES_AGGRESSIVE;
				GCC_WARN_UNUSED_FUNCTION = YES;
				GCC_WARN_UNUSED_VARIABLE = YES;
				IPHONEOS_DEPLOYMENT_TARGET = 10.2;
				MTL_ENABLE_DEBUG_INFO = NO;
				SDKROOT = iphoneos;
				VALIDATE_PRODUCT = YES;
			};
			name = Release;
		};
		2997542F1EE6AD5800E150D1 /* Debug */ = {
			isa = XCBuildConfiguration;
			buildSettings = {
				ASSETCATALOG_COMPILER_APPICON_NAME = AppIcon;
				DEVELOPMENT_TEAM = LKLUL3G769;
				INFOPLIST_FILE = TestModel/Info.plist;
				LD_RUNPATH_SEARCH_PATHS = "$(inherited) @executable_path/Frameworks";
				PRODUCT_BUNDLE_IDENTIFIER = com.lenovo.TestModel;
				PRODUCT_NAME = "$(TARGET_NAME)";
			};
			name = Debug;
		};
		299754301EE6AD5800E150D1 /* Release */ = {
			isa = XCBuildConfiguration;
			buildSettings = {
				ASSETCATALOG_COMPILER_APPICON_NAME = AppIcon;
				DEVELOPMENT_TEAM = LKLUL3G769;
				INFOPLIST_FILE = TestModel/Info.plist;
				LD_RUNPATH_SEARCH_PATHS = "$(inherited) @executable_path/Frameworks";
				PRODUCT_BUNDLE_IDENTIFIER = com.lenovo.TestModel;
				PRODUCT_NAME = "$(TARGET_NAME)";
			};
			name = Release;
		};
/* End XCBuildConfiguration section */

/* Begin XCConfigurationList section */
		299754121EE6AD5800E150D1 /* Build configuration list for PBXProject "TestModel" */ = {
			isa = XCConfigurationList;
			buildConfigurations = (
				2997542C1EE6AD5800E150D1 /* Debug */,
				2997542D1EE6AD5800E150D1 /* Release */,
			);
			defaultConfigurationIsVisible = 0;
			defaultConfigurationName = Release;
		};
		2997542E1EE6AD5800E150D1 /* Build configuration list for PBXNativeTarget "TestModel" */ = {
			isa = XCConfigurationList;
			buildConfigurations = (
				2997542F1EE6AD5800E150D1 /* Debug */,
				299754301EE6AD5800E150D1 /* Release */,
			);
			defaultConfigurationIsVisible = 0;
			defaultConfigurationName = Release;
		};
/* End XCConfigurationList section */
	};
	rootObject = 2997540F1EE6AD5800E150D1 /* Project object */;
}
